dependencies:
- name: common
  repository: https://charts.bitnami.com/bitnami
  version: 1.7.0
- name: postgresql
  repository: https://charts.bitnami.com/bitnami
  version: 10.5.2
- name: activity_tracker
  repository: file://../activity-tracker/
  version: 0.1.0
digest: sha256:68b4c634ae7967c347d1af2aa7b7bf816052762aa375fea3e8fa4980de153230
generated: "2021-07-13T23:59:51.617567802+02:00"
