dependencies:
- name: common
  repository: https://charts.bitnami.com/bitnami
  version: 1.7.0
- name: postgresql
  repository: https://charts.bitnami.com/bitnami
  version: 10.5.2
digest: sha256:39ec8020880db7925e187e91c5b0ab00d6f340973ffba11b6a72e6a9b7ca0287
generated: "2021-07-09T23:11:48.256574875+02:00"
