dependencies:
- name: common
  repository: https://charts.bitnami.com/bitnami
  version: 1.7.0
- name: postgresql
  repository: https://charts.bitnami.com/bitnami
  version: 10.5.3
- name: activity-tracker
  repository: file://../activity-tracker/
  version: 0.1.0
digest: sha256:15c379022dbf3b4e0e70457f85d811eed0f4ecafcc84bca6e66c7186de8ab132
generated: "2021-07-17T03:46:22.914418726+02:00"
